
Microsoft Visual Studio Solution File, Format Version 12.00
# Visual Studio Version 16
VisualStudioVersion = 16.0.29111.141
MinimumVisualStudioVersion = 10.0.40219.1
Project("{FAE04EC0-301F-11D3-BF4B-00C04F79EFBC}") = "WinFormsInWpf.Framework", "WinFormsInWpf.Framework\WinFormsInWpf.Framework.csproj", "{2B4A1D80-73C2-4B82-9CD3-AF2AFC7016D1}"
EndProject
Project("{FAE04EC0-301F-11D3-BF4B-00C04F79EFBC}") = "WinFormsInWpf.Core", "WinFormsInWpf.Core\WinFormsInWpf.Core.csproj", "{99C7A7E2-CE5D-47A6-864A-A445EC40C8DA}"
EndProject
Global
	GlobalSection(SolutionConfigurationPlatforms) = preSolution
		Debug|Any CPU = Debug|Any CPU
		Release|Any CPU = Release|Any CPU
	EndGlobalSection
	GlobalSection(ProjectConfigurationPlatforms) = postSolution
		{2B4A1D80-73C2-4B82-9CD3-AF2AFC7016D1}.Debug|Any CPU.ActiveCfg = Debug|Any CPU
		{2B4A1D80-73C2-4B82-9CD3-AF2AFC7016D1}.Debug|Any CPU.Build.0 = Debug|Any CPU
		{2B4A1D80-73C2-4B82-9CD3-AF2AFC7016D1}.Release|Any CPU.ActiveCfg = Release|Any CPU
		{2B4A1D80-73C2-4B82-9CD3-AF2AFC7016D1}.Release|Any CPU.Build.0 = Release|Any CPU
		{99C7A7E2-CE5D-47A6-864A-A445EC40C8DA}.Debug|Any CPU.ActiveCfg = Debug|Any CPU
		{99C7A7E2-CE5D-47A6-864A-A445EC40C8DA}.Debug|Any CPU.Build.0 = Debug|Any CPU
		{99C7A7E2-CE5D-47A6-864A-A445EC40C8DA}.Release|Any CPU.ActiveCfg = Release|Any CPU
		{99C7A7E2-CE5D-47A6-864A-A445EC40C8DA}.Release|Any CPU.Build.0 = Release|Any CPU
	EndGlobalSection
	GlobalSection(SolutionProperties) = preSolution
		HideSolutionNode = FALSE
	EndGlobalSection
	GlobalSection(ExtensibilityGlobals) = postSolution
		SolutionGuid = {FF9986B4-4AC4-4E95-9205-213CC96CF15D}
	EndGlobalSection
EndGlobal
